
Microsoft Visual Studio Solution File, Format Version 12.00
# Visual Studio Version 17
VisualStudioVersion = 17.4.33205.214
MinimumVisualStudioVersion = 10.0.40219.1
Project("{9A19103F-16F7-4668-BE54-9A1E7A4F7556}") = "Learning", "Learning\Learning.csproj", "{2E018D17-6262-425D-B32B-D09A1F206D04}"
EndProject
Project("{9A19103F-16F7-4668-BE54-9A1E7A4F7556}") = "Delegate", "Delegate\Delegate.csproj", "{687C4F32-A769-4FFD-83B5-606DDC271863}"
EndProject
Project("{9A19103F-16F7-4668-BE54-9A1E7A4F7556}") = "MulticastDelegate", "MulticastDelegate\MulticastDelegate.csproj", "{5BA7A958-A708-4B07-99DD-EAFE6932B256}"
EndProject
Project("{FAE04EC0-301F-11D3-BF4B-00C04F79EFBC}") = "Events", "Events\Events.csproj", "{F087CA6F-7F91-4CAF-B069-9411444C8438}"
EndProject
Project("{FAE04EC0-301F-11D3-BF4B-00C04F79EFBC}") = "OperatorOverloading", "OperatorOverloading\OperatorOverloading.csproj", "{E29BD27A-AC60-4FF5-BBB8-B54E5A38C88E}"
EndProject
Project("{FAE04EC0-301F-11D3-BF4B-00C04F79EFBC}") = "Finalizer", "Finalizer\Finalizer.csproj", "{09769F99-5F51-4B1E-B1A7-EBB7924632AE}"
EndProject
Global
	GlobalSection(SolutionConfigurationPlatforms) = preSolution
		Debug|Any CPU = Debug|Any CPU
		Release|Any CPU = Release|Any CPU
	EndGlobalSection
	GlobalSection(ProjectConfigurationPlatforms) = postSolution
		{2E018D17-6262-425D-B32B-D09A1F206D04}.Debug|Any CPU.ActiveCfg = Debug|Any CPU
		{2E018D17-6262-425D-B32B-D09A1F206D04}.Debug|Any CPU.Build.0 = Debug|Any CPU
		{2E018D17-6262-425D-B32B-D09A1F206D04}.Release|Any CPU.ActiveCfg = Release|Any CPU
		{2E018D17-6262-425D-B32B-D09A1F206D04}.Release|Any CPU.Build.0 = Release|Any CPU
		{687C4F32-A769-4FFD-83B5-606DDC271863}.Debug|Any CPU.ActiveCfg = Debug|Any CPU
		{687C4F32-A769-4FFD-83B5-606DDC271863}.Debug|Any CPU.Build.0 = Debug|Any CPU
		{687C4F32-A769-4FFD-83B5-606DDC271863}.Release|Any CPU.ActiveCfg = Release|Any CPU
		{687C4F32-A769-4FFD-83B5-606DDC271863}.Release|Any CPU.Build.0 = Release|Any CPU
		{5BA7A958-A708-4B07-99DD-EAFE6932B256}.Debug|Any CPU.ActiveCfg = Debug|Any CPU
		{5BA7A958-A708-4B07-99DD-EAFE6932B256}.Debug|Any CPU.Build.0 = Debug|Any CPU
		{5BA7A958-A708-4B07-99DD-EAFE6932B256}.Release|Any CPU.ActiveCfg = Release|Any CPU
		{5BA7A958-A708-4B07-99DD-EAFE6932B256}.Release|Any CPU.Build.0 = Release|Any CPU
		{F087CA6F-7F91-4CAF-B069-9411444C8438}.Debug|Any CPU.ActiveCfg = Debug|Any CPU
		{F087CA6F-7F91-4CAF-B069-9411444C8438}.Debug|Any CPU.Build.0 = Debug|Any CPU
		{F087CA6F-7F91-4CAF-B069-9411444C8438}.Release|Any CPU.ActiveCfg = Release|Any CPU
		{F087CA6F-7F91-4CAF-B069-9411444C8438}.Release|Any CPU.Build.0 = Release|Any CPU
		{E29BD27A-AC60-4FF5-BBB8-B54E5A38C88E}.Debug|Any CPU.ActiveCfg = Debug|Any CPU
		{E29BD27A-AC60-4FF5-BBB8-B54E5A38C88E}.Debug|Any CPU.Build.0 = Debug|Any CPU
		{E29BD27A-AC60-4FF5-BBB8-B54E5A38C88E}.Release|Any CPU.ActiveCfg = Release|Any CPU
		{E29BD27A-AC60-4FF5-BBB8-B54E5A38C88E}.Release|Any CPU.Build.0 = Release|Any CPU
		{09769F99-5F51-4B1E-B1A7-EBB7924632AE}.Debug|Any CPU.ActiveCfg = Debug|Any CPU
		{09769F99-5F51-4B1E-B1A7-EBB7924632AE}.Debug|Any CPU.Build.0 = Debug|Any CPU
		{09769F99-5F51-4B1E-B1A7-EBB7924632AE}.Release|Any CPU.ActiveCfg = Release|Any CPU
		{09769F99-5F51-4B1E-B1A7-EBB7924632AE}.Release|Any CPU.Build.0 = Release|Any CPU
	EndGlobalSection
	GlobalSection(SolutionProperties) = preSolution
		HideSolutionNode = FALSE
	EndGlobalSection
	GlobalSection(ExtensibilityGlobals) = postSolution
		SolutionGuid = {D60966A8-AD3D-4955-8CCC-FE13BD8695F7}
	EndGlobalSection
EndGlobal
